
Microsoft Visual Studio Solution File, Format Version 12.00
# Visual Studio Version 17
VisualStudioVersion = 17.11.35312.102
MinimumVisualStudioVersion = 10.0.40219.1
Project("{FAE04EC0-301F-11D3-BF4B-00C04F79EFBC}") = "CitiesManager.WebAPI", "CitiesManager.WebAPI\CitiesManager.WebAPI.csproj", "{4DF66D72-0211-44FD-8CE9-B3F0D1E5AD01}"
EndProject
Global
	GlobalSection(SolutionConfigurationPlatforms) = preSolution
		Debug|Any CPU = Debug|Any CPU
		Release|Any CPU = Release|Any CPU
	EndGlobalSection
	GlobalSection(ProjectConfigurationPlatforms) = postSolution
		{4DF66D72-0211-44FD-8CE9-B3F0D1E5AD01}.Debug|Any CPU.ActiveCfg = Debug|Any CPU
		{4DF66D72-0211-44FD-8CE9-B3F0D1E5AD01}.Debug|Any CPU.Build.0 = Debug|Any CPU
		{4DF66D72-0211-44FD-8CE9-B3F0D1E5AD01}.Release|Any CPU.ActiveCfg = Release|Any CPU
		{4DF66D72-0211-44FD-8CE9-B3F0D1E5AD01}.Release|Any CPU.Build.0 = Release|Any CPU
	EndGlobalSection
	GlobalSection(SolutionProperties) = preSolution
		HideSolutionNode = FALSE
	EndGlobalSection
	GlobalSection(ExtensibilityGlobals) = postSolution
		SolutionGuid = {A751DF60-33A9-4683-868A-08EC6E250DE4}
	EndGlobalSection
EndGlobal
